
Microsoft Visual Studio Solution File, Format Version 11.00
# Visual C++ Express 2010
Project("{8BC9CEB8-8B4A-11D0-8D11-00A0C91BC942}") = "FPS Interactive Whiteboard", "FPS Interactive Whiteboard\FPS Interactive Whiteboard.vcxproj", "{3CB16F2A-9FA3-4D1C-AA56-7799A9823E2F}"
EndProject
Global
	GlobalSection(SolutionConfigurationPlatforms) = preSolution
		Debug|Win32 = Debug|Win32
		Release|Win32 = Release|Win32
	EndGlobalSection
	GlobalSection(ProjectConfigurationPlatforms) = postSolution
		{3CB16F2A-9FA3-4D1C-AA56-7799A9823E2F}.Debug|Win32.ActiveCfg = Debug|Win32
		{3CB16F2A-9FA3-4D1C-AA56-7799A9823E2F}.Debug|Win32.Build.0 = Debug|Win32
		{3CB16F2A-9FA3-4D1C-AA56-7799A9823E2F}.Release|Win32.ActiveCfg = Release|Win32
		{3CB16F2A-9FA3-4D1C-AA56-7799A9823E2F}.Release|Win32.Build.0 = Release|Win32
	EndGlobalSection
	GlobalSection(SolutionProperties) = preSolution
		HideSolutionNode = FALSE
	EndGlobalSection
EndGlobal
